
Microsoft Visual Studio Solution File, Format Version 12.00
# Visual Studio Version 17
VisualStudioVersion = 17.5.33530.505
MinimumVisualStudioVersion = 10.0.40219.1
Project("{FAE04EC0-301F-11D3-BF4B-00C04F79EFBC}") = "Maksukorttitehtava", "Maksukorttitehtava.csproj", "{23AFAB8E-0790-4BD4-A360-12CDBC6AAD15}"
EndProject
Global
	GlobalSection(SolutionConfigurationPlatforms) = preSolution
		Debug|Any CPU = Debug|Any CPU
		Release|Any CPU = Release|Any CPU
	EndGlobalSection
	GlobalSection(ProjectConfigurationPlatforms) = postSolution
		{23AFAB8E-0790-4BD4-A360-12CDBC6AAD15}.Debug|Any CPU.ActiveCfg = Debug|Any CPU
		{23AFAB8E-0790-4BD4-A360-12CDBC6AAD15}.Debug|Any CPU.Build.0 = Debug|Any CPU
		{23AFAB8E-0790-4BD4-A360-12CDBC6AAD15}.Release|Any CPU.ActiveCfg = Release|Any CPU
		{23AFAB8E-0790-4BD4-A360-12CDBC6AAD15}.Release|Any CPU.Build.0 = Release|Any CPU
	EndGlobalSection
	GlobalSection(SolutionProperties) = preSolution
		HideSolutionNode = FALSE
	EndGlobalSection
	GlobalSection(ExtensibilityGlobals) = postSolution
		SolutionGuid = {33CB8966-7D18-4758-A0F5-8EF0D3ACFBCC}
	EndGlobalSection
EndGlobal
